
Microsoft Visual Studio Solution File, Format Version 12.00
# Visual Studio Version 16
VisualStudioVersion = 16.0.32510.428
MinimumVisualStudioVersion = 10.0.40219.1
Project("{FAE04EC0-301F-11D3-BF4B-00C04F79EFBC}") = "Module14", "Module14\Module14.csproj", "{B2137CB2-1E13-497A-9318-A73E51BA4A25}"
EndProject
Global
	GlobalSection(SolutionConfigurationPlatforms) = preSolution
		Debug|Any CPU = Debug|Any CPU
		Release|Any CPU = Release|Any CPU
	EndGlobalSection
	GlobalSection(ProjectConfigurationPlatforms) = postSolution
		{B2137CB2-1E13-497A-9318-A73E51BA4A25}.Debug|Any CPU.ActiveCfg = Debug|Any CPU
		{B2137CB2-1E13-497A-9318-A73E51BA4A25}.Debug|Any CPU.Build.0 = Debug|Any CPU
		{B2137CB2-1E13-497A-9318-A73E51BA4A25}.Release|Any CPU.ActiveCfg = Release|Any CPU
		{B2137CB2-1E13-497A-9318-A73E51BA4A25}.Release|Any CPU.Build.0 = Release|Any CPU
	EndGlobalSection
	GlobalSection(SolutionProperties) = preSolution
		HideSolutionNode = FALSE
	EndGlobalSection
	GlobalSection(ExtensibilityGlobals) = postSolution
		SolutionGuid = {6A24CE82-E5AF-4622-AE84-C165FB26E0FD}
	EndGlobalSection
EndGlobal
