{
  "name": "source",
  "version": "1.0.0",
  "lockfileVersion": 1,
  "requires": true,
  "dependencies": {
    "@types/node": {
      "version": "17.0.41",
      "resolved": "https://registry.npmjs.org/@types/node/-/node-17.0.41.tgz",
      "integrity": "sha512-xA6drNNeqb5YyV5fO3OAEsnXLfO7uF0whiOfPTz5AeDo8KeZFmODKnvwPymMNO8qE/an8pVY/O50tig2SQCrGw=="
    },
    "@types/webidl-conversions": {
      "version": "6.1.1",
      "resolved": "https://registry.npmjs.org/@types/webidl-conversions/-/webidl-conversions-6.1.1.tgz",
      "integrity": "sha512-XAahCdThVuCFDQLT7R7Pk/vqeObFNL3YqRyFZg+AqAP/W1/w3xHaIxuW7WszQqTbIBOPRcItYJIou3i/mppu3Q=="
    },
    "@types/whatwg-url": {
      "version": "8.2.1",
      "resolved": "https://registry.npmjs.org/@types/whatwg-url/-/whatwg-url-8.2.1.tgz",
      "integrity": "sha512-2YubE1sjj5ifxievI5Ge1sckb9k/Er66HyR2c+3+I6VDUUg1TLPdYYTEbQ+DjRkS4nTxMJhgWfSfMRD2sl2EYQ==",
      "requires": {
        "@types/node": "*",
        "@types/webidl-conversions": "*"
      }
    },
    "async": {
      "version": "2.1.4",
      "resolved": "https://registry.npmjs.org/async/-/async-2.1.4.tgz",
      "integrity": "sha512-ZAxi5cea9DNM37Ld7lIj7c8SmOVaK/ns1pTiNI8vnQbyGsS5WuL+ImnU5UVECiIw43wlx9Wnr9iXn7MJymXacA==",
      "requires": {
        "lodash": "^4.14.0"
      }
    },
    "base64-js": {
      "version": "1.5.1",
      "resolved": "https://registry.npmjs.org/base64-js/-/base64-js-1.5.1.tgz",
      "integrity": "sha512-AKpaYlHn8t4SVbOHCy+b5+KKgvR4vrsD8vbvrbiQJps7fKDTkjkDry6ji0rUJjC0kzbNePLwzxq8iypo41qeWA=="
    },
    "bluebird": {
      "version": "3.5.0",
      "resolved": "https://registry.npmjs.org/bluebird/-/bluebird-3.5.0.tgz",
      "integrity": "sha512-3LE8m8bqjGdoxfvf71yhFNrUcwy3NLy00SAo+b6MfJ8l+Bc2DzQ7mUHwX6pjK2AxfgV+YfsjCeVW3T5HLQTBsQ=="
    },
    "bson": {
      "version": "4.6.4",
      "resolved": "https://registry.npmjs.org/bson/-/bson-4.6.4.tgz",
      "integrity": "sha512-TdQ3FzguAu5HKPPlr0kYQCyrYUYh8tFM+CMTpxjNzVzxeiJY00Rtuj3LXLHSgiGvmaWlZ8PE+4KyM2thqE38pQ==",
      "requires": {
        "buffer": "^5.6.0"
      }
    },
    "buffer": {
      "version": "5.7.1",
      "resolved": "https://registry.npmjs.org/buffer/-/buffer-5.7.1.tgz",
      "integrity": "sha512-EHcyIPBQ4BSGlvjB16k5KgAJ27CIsHY/2JBmCRReo48y9rQ3MaUzWX3KVlBa4U7MyX02HdVj0K7C3WaB3ju7FQ==",
      "requires": {
        "base64-js": "^1.3.1",
        "ieee754": "^1.1.13"
      }
    },
    "buffer-shims": {
      "version": "1.0.0",
      "resolved": "https://registry.npmjs.org/buffer-shims/-/buffer-shims-1.0.0.tgz",
      "integrity": "sha512-Zy8ZXMyxIT6RMTeY7OP/bDndfj6bwCan7SS98CEndS6deHwWPpseeHlwarNcBim+etXnF9HBc1non5JgDaJU1g=="
    },
    "core-util-is": {
      "version": "1.0.3",
      "resolved": "https://registry.npmjs.org/core-util-is/-/core-util-is-1.0.3.tgz",
      "integrity": "sha512-ZQBvi1DcpJ4GDqanjucZ2Hj3wEO5pZDS89BWbkcrvdxksJorwUDDZamX9ldFkp9aw2lmBDLgkObEA4DWNJ9FYQ=="
    },
    "debug": {
      "version": "4.3.4",
      "resolved": "https://registry.npmjs.org/debug/-/debug-4.3.4.tgz",
      "integrity": "sha512-PRWFHuSU3eDtQJPvnNY7Jcket1j0t5OuOsFzPPzsekD52Zl8qUfFIPEiswXqIvHWGVHOgX+7G/vCNNhehwxfkQ==",
      "requires": {
        "ms": "2.1.2"
      },
      "dependencies": {
        "ms": {
          "version": "2.1.2",
          "resolved": "https://registry.npmjs.org/ms/-/ms-2.1.2.tgz",
          "integrity": "sha512-sGkPx+VjMtmA6MX27oA4FBFELFCZZ4S4XqeGOXCv68tT+jb3vk/RyaKWP0PTKyWtmLSM0b+adUTEvbs1PEaH2w=="
        }
      }
    },
    "denque": {
      "version": "2.0.1",
      "resolved": "https://registry.npmjs.org/denque/-/denque-2.0.1.tgz",
      "integrity": "sha512-tfiWc6BQLXNLpNiR5iGd0Ocu3P3VpxfzFiqubLgMfhfOw9WyvgJBd46CClNn9k3qfbjvT//0cf7AlYRX/OslMQ=="
    },
    "es6-promise": {
      "version": "3.2.1",
      "resolved": "https://registry.npmjs.org/es6-promise/-/es6-promise-3.2.1.tgz",
      "integrity": "sha512-oj4jOSXvWglTsc3wrw86iom3LDPOx1nbipQk+jaG3dy+sMRM6ReSgVr/VlmBuF6lXUrflN9DCcQHeSbAwGUl4g=="
    },
    "fawn": {
      "version": "2.1.5",
      "resolved": "https://registry.npmjs.org/fawn/-/fawn-2.1.5.tgz",
      "integrity": "sha512-aiRBvZ0P0UtzSmNF3pcodilg9U+ofeJwa6aJzq1jPgbZqsB2k9pYa5KnXSk8KH0Dgm/99WdMoZacmUaTt2xdvw==",
      "requires": {
        "bluebird": "3.5.0",
        "gridfs-stream": "1.1.1",
        "mongoose": "4.12.3"
      },
      "dependencies": {
        "bson": {
          "version": "1.0.9",
          "resolved": "https://registry.npmjs.org/bson/-/bson-1.0.9.tgz",
          "integrity": "sha512-IQX9/h7WdMBIW/q/++tGd+emQr0XMdeZ6icnT/74Xk9fnabWn+gZgpE+9V+gujL3hhJOoNrnDVY7tWdzc7NUTg=="
        },
        "debug": {
          "version": "2.6.9",
          "resolved": "https://registry.npmjs.org/debug/-/debug-2.6.9.tgz",
          "integrity": "sha512-bC7ElrdJaJnPbAP+1EotYvqZsb3ecl5wi6Bfi6BJTUcNowp6cvspg0jXznRTKDjm/E7AdgFBVeAPVMNcKGsHMA==",
          "requires": {
            "ms": "2.0.0"
          }
        },
        "kareem": {
          "version": "1.5.0",
          "resolved": "https://registry.npmjs.org/kareem/-/kareem-1.5.0.tgz",
          "integrity": "sha512-DFYc05y1WSs6Ar++MHYRYu7/5r5356WDaKk8tQ8m6rlXD3VLpyG6Np81U78/wWJ4b5hjFXS7HkJNYrs85VypQA=="
        },
        "mongodb": {
          "version": "2.2.33",
          "resolved": "https://registry.npmjs.org/mongodb/-/mongodb-2.2.33.tgz",
          "integrity": "sha512-bYqSQRjjBOQNKM/kSj8TjJ0fzLmtj0pWV0L8+O+Ypy+cRX5Q/TUW+Q92LxTws1snYYfMNEdBZ/sk9jFEIFAjnw==",
          "requires": {
            "es6-promise": "3.2.1",
            "mongodb-core": "2.1.17",
            "readable-stream": "2.2.7"
          }
        },
        "mongoose": {
          "version": "4.12.3",
          "resolved": "https://registry.npmjs.org/mongoose/-/mongoose-4.12.3.tgz",
          "integrity": "sha512-hZOKfZEakCvy+84MyZAv/2EL588SHghBrkhtl+LGBRv9QkPs4SY28a376q9CyN/y0JYinNcrrFMx6lgdQatz5Q==",
          "requires": {
            "async": "2.1.4",
            "bson": "~1.0.4",
            "hooks-fixed": "2.0.0",
            "kareem": "1.5.0",
            "mongodb": "2.2.33",
            "mpath": "0.3.0",
            "mpromise": "0.5.5",
            "mquery": "2.3.2",
            "ms": "2.0.0",
            "muri": "1.3.0",
            "regexp-clone": "0.0.1",
            "sliced": "1.0.1"
          }
        },
        "mpath": {
          "version": "0.3.0",
          "resolved": "https://registry.npmjs.org/mpath/-/mpath-0.3.0.tgz",
          "integrity": "sha512-43/pbEQ9nmJ+lklKWsK5gtCf9QC5b9lYTJvGtTHXzyqWHHJ1BSkyvfYd7ICoPJB5CF+7yTnGBEIdCB2AqHpS3g=="
        },
        "mquery": {
          "version": "2.3.2",
          "resolved": "https://registry.npmjs.org/mquery/-/mquery-2.3.2.tgz",
          "integrity": "sha512-KXWMypZSvhCuqRtza+HMQZdYw7PfFBjBTFvP31NNAq0OX0/NTIgpcDpkWQ2uTxk6vGQtwQ2elhwhs+ZvCA8OaA==",
          "requires": {
            "bluebird": "^3.5.0",
            "debug": "^2.6.9",
            "regexp-clone": "^0.0.1",
            "sliced": "0.0.5"
          },
          "dependencies": {
            "sliced": {
              "version": "0.0.5",
              "resolved": "https://registry.npmjs.org/sliced/-/sliced-0.0.5.tgz",
              "integrity": "sha512-9bYT917D6H3+q8GlQBJmLVz3bc4OeVGfZ2BB12wvLnluTGfG6/8UdOUbKJDW1EEx9SZMDbjnatkau5/XcUeyOw=="
            }
          }
        },
        "ms": {
          "version": "2.0.0",
          "resolved": "https://registry.npmjs.org/ms/-/ms-2.0.0.tgz",
          "integrity": "sha512-Tpp60P6IUJDTuOq/5Z8cdskzJujfwqfOTkrwIwj7IRISpnkJnT6SyJ4PCPnGMoFjC9ddhal5KVIYtAt97ix05A=="
        }
      }
    },
    "flushwritable": {
      "version": "1.0.0",
      "resolved": "https://registry.npmjs.org/flushwritable/-/flushwritable-1.0.0.tgz",
      "integrity": "sha512-3VELfuWCLVzt5d2Gblk8qcqFro6nuwvxwMzHaENVDHI7rxcBRtMCwTk/E9FXcgh+82DSpavPNDueA9+RxXJoFg=="
    },
    "gridfs-stream": {
      "version": "1.1.1",
      "resolved": "https://registry.npmjs.org/gridfs-stream/-/gridfs-stream-1.1.1.tgz",
      "integrity": "sha512-EcELdPIjC7tpZUiZA/8trfmszLbcsZlFyDQ8DhMtyJIMDmuLi5Vzt/056OO6FqfvY/zwiTCo1eZAqwtqrhBGMQ==",
      "requires": {
        "flushwritable": "^1.0.0"
      }
    },
    "hooks-fixed": {
      "version": "2.0.0",
      "resolved": "https://registry.npmjs.org/hooks-fixed/-/hooks-fixed-2.0.0.tgz",
      "integrity": "sha512-oNrREXIApKkg+5x6Gu4ecftb09ZIQKB0+dt45XGTmSNEfY2d5maqIV2CF1cdGn5p84wsODnHwfZ/KNg8ulLpHg=="
    },
    "ieee754": {
      "version": "1.2.1",
      "resolved": "https://registry.npmjs.org/ieee754/-/ieee754-1.2.1.tgz",
      "integrity": "sha512-dcyqhDvX1C46lXZcVqCpK+FtMRQVdIMN6/Df5js2zouUsqG7I6sFxitIC+7KYK29KdXOLHdu9zL4sFnoVQnqaA=="
    },
    "inherits": {
      "version": "2.0.4",
      "resolved": "https://registry.npmjs.org/inherits/-/inherits-2.0.4.tgz",
      "integrity": "sha512-k/vGaX4/Yla3WzyMCvTQOXYeIHvqOKtnqBduzTHpzpQZzAskKMhZ2K+EnBiSM9zGSoIFeMpXKxa4dYeZIQqewQ=="
    },
    "ip": {
      "version": "1.1.8",
      "resolved": "https://registry.npmjs.org/ip/-/ip-1.1.8.tgz",
      "integrity": "sha512-PuExPYUiu6qMBQb4l06ecm6T6ujzhmh+MeJcW9wa89PoAz5pvd4zPgN5WJV104mb6S2T1AwNIAaB70JNrLQWhg=="
    },
    "isarray": {
      "version": "1.0.0",
      "resolved": "https://registry.npmjs.org/isarray/-/isarray-1.0.0.tgz",
      "integrity": "sha512-VLghIWNM6ELQzo7zwmcg0NmTVyWKYjvIeM83yjp0wRDTmUnrM678fQbcKBo6n2CJEF0szoG//ytg+TKla89ALQ=="
    },
    "kareem": {
      "version": "2.3.5",
      "resolved": "https://registry.npmjs.org/kareem/-/kareem-2.3.5.tgz",
      "integrity": "sha512-qxCyQtp3ioawkiRNQr/v8xw9KIviMSSNmy+63Wubj7KmMn3g7noRXIZB4vPCAP+ETi2SR8eH6CvmlKZuGpoHOg=="
    },
    "lodash": {
      "version": "4.17.21",
      "resolved": "https://registry.npmjs.org/lodash/-/lodash-4.17.21.tgz",
      "integrity": "sha512-v2kDEe57lecTulaDIuNTPy3Ry4gLGJ6Z1O3vE1krgXZNrsQ+LFTGHVxVjcXPs17LhbZVGedAJv8XZ1tvj5FvSg=="
    },
    "memory-pager": {
      "version": "1.5.0",
      "resolved": "https://registry.npmjs.org/memory-pager/-/memory-pager-1.5.0.tgz",
      "integrity": "sha512-ZS4Bp4r/Zoeq6+NLJpP+0Zzm0pR8whtGPf1XExKLJBAczGMnSi3It14OiNCStjQjM6NU1okjQGSxgEZN8eBYKg==",
      "optional": true
    },
    "mongodb": {
      "version": "4.5.0",
      "resolved": "https://registry.npmjs.org/mongodb/-/mongodb-4.5.0.tgz",
      "integrity": "sha512-A2l8MjEpKojnhbCM0MK3+UOGUSGvTNNSv7AkP1fsT7tkambrkkqN/5F2y+PhzsV0Nbv58u04TETpkaSEdI2zKA==",
      "requires": {
        "bson": "^4.6.2",
        "denque": "^2.0.1",
        "mongodb-connection-string-url": "^2.5.2",
        "saslprep": "^1.0.3",
        "socks": "^2.6.2"
      }
    },
    "mongodb-connection-string-url": {
      "version": "2.5.2",
      "resolved": "https://registry.npmjs.org/mongodb-connection-string-url/-/mongodb-connection-string-url-2.5.2.tgz",
      "integrity": "sha512-tWDyIG8cQlI5k3skB6ywaEA5F9f5OntrKKsT/Lteub2zgwSUlhqEN2inGgBTm8bpYJf8QYBdA/5naz65XDpczA==",
      "requires": {
        "@types/whatwg-url": "^8.2.1",
        "whatwg-url": "^11.0.0"
      }
    },
    "mongodb-core": {
      "version": "2.1.17",
      "resolved": "https://registry.npmjs.org/mongodb-core/-/mongodb-core-2.1.17.tgz",
      "integrity": "sha512-ZfnIn2I63xZDZkZmnHigRvwK2+QcK2pHlXQZIa2WTO+/IB28cWFL7+Djdr1CSJdb1Tzo6st3WQnpq8s/BTm47w==",
      "requires": {
        "bson": "~1.0.4",
        "require_optional": "~1.0.0"
      },
      "dependencies": {
        "bson": {
          "version": "1.0.9",
          "resolved": "https://registry.npmjs.org/bson/-/bson-1.0.9.tgz",
          "integrity": "sha512-IQX9/h7WdMBIW/q/++tGd+emQr0XMdeZ6icnT/74Xk9fnabWn+gZgpE+9V+gujL3hhJOoNrnDVY7tWdzc7NUTg=="
        }
      }
    },
    "mongoose": {
      "version": "6.3.6",
      "resolved": "https://registry.npmjs.org/mongoose/-/mongoose-6.3.6.tgz",
      "integrity": "sha512-/Cixfo+bA32EHQ5Y7sxMj5ZOXFiAFlvA3X4mFruUET9OsbJZfstg4n2FzxovX8Q7EcoQ7Ry1bnOp9AeXtodF7w==",
      "requires": {
        "bson": "^4.6.2",
        "kareem": "2.3.5",
        "mongodb": "4.5.0",
        "mpath": "0.9.0",
        "mquery": "4.0.3",
        "ms": "2.1.3",
        "sift": "16.0.0"
      }
    },
    "mpath": {
      "version": "0.9.0",
      "resolved": "https://registry.npmjs.org/mpath/-/mpath-0.9.0.tgz",
      "integrity": "sha512-ikJRQTk8hw5DEoFVxHG1Gn9T/xcjtdnOKIU1JTmGjZZlg9LST2mBLmcX3/ICIbgJydT2GOc15RnNy5mHmzfSew=="
    },
    "mpromise": {
      "version": "0.5.5",
      "resolved": "https://registry.npmjs.org/mpromise/-/mpromise-0.5.5.tgz",
      "integrity": "sha512-b/IJDqWlRXIW3ZouxIkUYLZFrr4qK/oUEgfVAywuvm77nTdDmY6y57lHxA8kfLnOSM+SbAUN/VvU1RxsGBLkQw=="
    },
    "mquery": {
      "version": "4.0.3",
      "resolved": "https://registry.npmjs.org/mquery/-/mquery-4.0.3.tgz",
      "integrity": "sha512-J5heI+P08I6VJ2Ky3+33IpCdAvlYGTSUjwTPxkAr8i8EoduPMBX2OY/wa3IKZIQl7MU4SbFk8ndgSKyB/cl1zA==",
      "requires": {
        "debug": "4.x"
      }
    },
    "ms": {
      "version": "2.1.3",
      "resolved": "https://registry.npmjs.org/ms/-/ms-2.1.3.tgz",
      "integrity": "sha512-6FlzubTLZG3J2a/NVCAleEhjzq5oxgHyaCU9yYXvcLsvoVaHJq/s5xXI6/XXP6tz7R9xAOtHnSO/tXtF3WRTlA=="
    },
    "muri": {
      "version": "1.3.0",
      "resolved": "https://registry.npmjs.org/muri/-/muri-1.3.0.tgz",
      "integrity": "sha512-FiaFwKl864onHFFUV/a2szAl7X0fxVlSKNdhTf+BM8i8goEgYut8u5P9MqQqIYwvaMxjzVESsoEm/2kfkFH1rg=="
    },
    "process-nextick-args": {
      "version": "1.0.7",
      "resolved": "https://registry.npmjs.org/process-nextick-args/-/process-nextick-args-1.0.7.tgz",
      "integrity": "sha512-yN0WQmuCX63LP/TMvAg31nvT6m4vDqJEiiv2CAZqWOGNWutc9DfDk1NPYYmKUFmaVM2UwDowH4u5AHWYP/jxKw=="
    },
    "punycode": {
      "version": "2.1.1",
      "resolved": "https://registry.npmjs.org/punycode/-/punycode-2.1.1.tgz",
      "integrity": "sha512-XRsRjdf+j5ml+y/6GKHPZbrF/8p2Yga0JPtdqTIY2Xe5ohJPD9saDJJLPvp9+NSBprVvevdXZybnj2cv8OEd0A=="
    },
    "readable-stream": {
      "version": "2.2.7",
      "resolved": "https://registry.npmjs.org/readable-stream/-/readable-stream-2.2.7.tgz",
      "integrity": "sha512-a6ibcfWFhgihuTw/chl+u3fB5ykBZFmnvpyZHebY0MCQE4vvYcsCLpCeaQ1BkH7HdJYavNSqF0WDLeo4IPHQaQ==",
      "requires": {
        "buffer-shims": "~1.0.0",
        "core-util-is": "~1.0.0",
        "inherits": "~2.0.1",
        "isarray": "~1.0.0",
        "process-nextick-args": "~1.0.6",
        "string_decoder": "~1.0.0",
        "util-deprecate": "~1.0.1"
      }
    },
    "regexp-clone": {
      "version": "0.0.1",
      "resolved": "https://registry.npmjs.org/regexp-clone/-/regexp-clone-0.0.1.tgz",
      "integrity": "sha512-tfYXF0HXEYh3AtgdjqNLQ8+tmZSAKIS7KtOjmB1laJgfbsi+Lf2RVNwLZVOE3U27yBXikzQuIXglLlakvb8Thw=="
    },
    "require_optional": {
      "version": "1.0.1",
      "resolved": "https://registry.npmjs.org/require_optional/-/require_optional-1.0.1.tgz",
      "integrity": "sha512-qhM/y57enGWHAe3v/NcwML6a3/vfESLe/sGM2dII+gEO0BpKRUkWZow/tyloNqJyN6kXSl3RyyM8Ll5D/sJP8g==",
      "requires": {
        "resolve-from": "^2.0.0",
        "semver": "^5.1.0"
      }
    },
    "resolve-from": {
      "version": "2.0.0",
      "resolved": "https://registry.npmjs.org/resolve-from/-/resolve-from-2.0.0.tgz",
      "integrity": "sha512-qpFcKaXsq8+oRoLilkwyc7zHGF5i9Q2/25NIgLQQ/+VVv9rU4qvr6nXVAw1DsnXJyQkZsR4Ytfbtg5ehfcUssQ=="
    },
    "safe-buffer": {
      "version": "5.1.2",
      "resolved": "https://registry.npmjs.org/safe-buffer/-/safe-buffer-5.1.2.tgz",
      "integrity": "sha512-Gd2UZBJDkXlY7GbJxfsE8/nvKkUEU1G38c1siN6QP6a9PT9MmHB8GnpscSmMJSoF8LOIrt8ud/wPtojys4G6+g=="
    },
    "saslprep": {
      "version": "1.0.3",
      "resolved": "https://registry.npmjs.org/saslprep/-/saslprep-1.0.3.tgz",
      "integrity": "sha512-/MY/PEMbk2SuY5sScONwhUDsV2p77Znkb/q3nSVstq/yQzYJOH/Azh29p9oJLsl3LnQwSvZDKagDGBsBwSooag==",
      "optional": true,
      "requires": {
        "sparse-bitfield": "^3.0.3"
      }
    },
    "semver": {
      "version": "5.7.1",
      "resolved": "https://registry.npmjs.org/semver/-/semver-5.7.1.tgz",
      "integrity": "sha512-sauaDf/PZdVgrLTNYHRtpXa1iRiKcaebiKQ1BJdpQlWH2lCvexQdX55snPFyK7QzpudqbCI0qXFfOasHdyNDGQ=="
    },
    "sift": {
      "version": "16.0.0",
      "resolved": "https://registry.npmjs.org/sift/-/sift-16.0.0.tgz",
      "integrity": "sha512-ILTjdP2Mv9V1kIxWMXeMTIRbOBrqKc4JAXmFMnFq3fKeyQ2Qwa3Dw1ubcye3vR+Y6ofA0b9gNDr/y2t6eUeIzQ=="
    },
    "sliced": {
      "version": "1.0.1",
      "resolved": "https://registry.npmjs.org/sliced/-/sliced-1.0.1.tgz",
      "integrity": "sha512-VZBmZP8WU3sMOZm1bdgTadsQbcscK0UM8oKxKVBs4XAhUo2Xxzm/OFMGBkPusxw9xL3Uy8LrzEqGqJhclsr0yA=="
    },
    "smart-buffer": {
      "version": "4.2.0",
      "resolved": "https://registry.npmjs.org/smart-buffer/-/smart-buffer-4.2.0.tgz",
      "integrity": "sha512-94hK0Hh8rPqQl2xXc3HsaBoOXKV20MToPkcXvwbISWLEs+64sBq5kFgn2kJDHb1Pry9yrP0dxrCI9RRci7RXKg=="
    },
    "socks": {
      "version": "2.6.2",
      "resolved": "https://registry.npmjs.org/socks/-/socks-2.6.2.tgz",
      "integrity": "sha512-zDZhHhZRY9PxRruRMR7kMhnf3I8hDs4S3f9RecfnGxvcBHQcKcIH/oUcEWffsfl1XxdYlA7nnlGbbTvPz9D8gA==",
      "requires": {
        "ip": "^1.1.5",
        "smart-buffer": "^4.2.0"
      }
    },
    "sparse-bitfield": {
      "version": "3.0.3",
      "resolved": "https://registry.npmjs.org/sparse-bitfield/-/sparse-bitfield-3.0.3.tgz",
      "integrity": "sha512-kvzhi7vqKTfkh0PZU+2D2PIllw2ymqJKujUcyPMd9Y75Nv4nPbGJZXNhxsgdQab2BmlDct1YnfQCguEvHr7VsQ==",
      "optional": true,
      "requires": {
        "memory-pager": "^1.0.2"
      }
    },
    "string_decoder": {
      "version": "1.0.3",
      "resolved": "https://registry.npmjs.org/string_decoder/-/string_decoder-1.0.3.tgz",
      "integrity": "sha512-4AH6Z5fzNNBcH+6XDMfA/BTt87skxqJlO0lAh3Dker5zThcAxG6mKz+iGu308UKoPPQ8Dcqx/4JhujzltRa+hQ==",
      "requires": {
        "safe-buffer": "~5.1.0"
      }
    },
    "tr46": {
      "version": "3.0.0",
      "resolved": "https://registry.npmjs.org/tr46/-/tr46-3.0.0.tgz",
      "integrity": "sha512-l7FvfAHlcmulp8kr+flpQZmVwtu7nfRV7NZujtN0OqES8EL4O4e0qqzL0DC5gAvx/ZC/9lk6rhcUwYvkBnBnYA==",
      "requires": {
        "punycode": "^2.1.1"
      }
    },
    "util-deprecate": {
      "version": "1.0.2",
      "resolved": "https://registry.npmjs.org/util-deprecate/-/util-deprecate-1.0.2.tgz",
      "integrity": "sha1-RQ1Nyfpw3nMnYvvS1KKJgUGaDM8="
    },
    "webidl-conversions": {
      "version": "7.0.0",
      "resolved": "https://registry.npmjs.org/webidl-conversions/-/webidl-conversions-7.0.0.tgz",
      "integrity": "sha512-VwddBukDzu71offAQR975unBIGqfKZpM+8ZX6ySk8nYhVoo5CYaZyzt3YBvYtRtO+aoGlqxPg/B87NGVZ/fu6g=="
    },
    "whatwg-url": {
      "version": "11.0.0",
      "resolved": "https://registry.npmjs.org/whatwg-url/-/whatwg-url-11.0.0.tgz",
      "integrity": "sha512-RKT8HExMpoYx4igMiVMY83lN6UeITKJlBQ+vR/8ZJ8OCdSiN3RwCq+9gH0+Xzj0+5IrM6i4j/6LuvzbZIQgEcQ==",
      "requires": {
        "tr46": "^3.0.0",
        "webidl-conversions": "^7.0.0"
      }
    }
  }
}
